{
  "nodes": {
    "nixant": {
      "inputs": {
        "nixpkgs": [
          "nixpkgs"
        ]
      },
      "locked": {
        "lastModified": 1791524377,
        "narHash": "sha256-hCyvJuooaZxVHrnD2bVJ/tf4w+9wmIqDjZ7LE5kBwfI=",
        "owner": "jasalt",
        "repo": "nixant-py",
        "rev": "3d9cd7c3a7739de3585f042aa6a0ea4f86df6107",
        "type": "github"
      },
      "original": {
        "owner": "jasalt",
        "repo": "nixant-py",
        "type": "github"
      }
    },
    "nixpkgs": {
      "locked": {
        "lastModified": 1791456040,
        "narHash": "sha256-H83yz/do+hjOO0uujHyH8RgtIQP2v7Mw+cLwcZK/xKc=",
        "owner": "NixOS",
        "repo": "nixpkgs",
        "rev": "e7439b6b14ad3cc35d05608ebca9bce01a25f5f8",
        "type": "github"
      },
      "original": {
        "owner": "NixOS",
        "ref": "nixos-unstable",
        "repo": "nixpkgs",
        "type": "github"
      }
    },
    "root": {
      "inputs": {
        "nixant": "nixant",
        "nixpkgs": "nixpkgs"
      }
    }
  },
  "root": "root",
  "version": 7
}
