{
  "nodes": {
    "nixant": {
      "inputs": {
        "nixpkgs": [
          "nixpkgs"
        ]
      },
      "locked": {
        "lastModified": 1791477900,
        "narHash": "sha256-+FgtAlL2EO76aBHRN5s1xoA0OgAByDRbw8JPBPc/HDs=",
        "path": "/home/user/dev/jail/nixant",
        "type": "path"
      },
      "original": {
        "owner": "jasalt",
        "repo": "nixant-py",
        "type": "github"
      }
    },
    "nixant-wp": {
      "inputs": {
        "nixant": "nixant_2",
        "nixpkgs": [
          "nixpkgs"
        ]
      },
      "locked": {
        "lastModified": 1791478648,
        "narHash": "sha256-fciluEm/+zW7MTW6MrnMah1hRPOFnaVo9ajscS6CkBY=",
        "path": "/home/user/dev/jail/nixant-wp",
        "type": "path"
      },
      "original": {
        "owner": "jasalt",
        "repo": "nixant-wp",
        "type": "github"
      }
    },
    "nixant_2": {
      "inputs": {
        "nixpkgs": [
          "nixant-wp",
          "nixpkgs"
        ]
      },
      "locked": {
        "lastModified": 1791447423,
        "narHash": "sha256-W0+qI9iVnsLrbwF6a9oS8lf0xchN0oIRgIsVucFKbkI=",
        "ref": "refs/heads/master",
        "rev": "4c1d6e816a0ba50feced5fd6fc690605575e31e9",
        "revCount": 83,
        "type": "git",
        "url": "file:///home/user/dev/jail/nixant"
      },
      "original": {
        "type": "git",
        "url": "file:///home/user/dev/jail/nixant"
      }
    },
    "nixpkgs": {
      "locked": {
        "lastModified": 1791456040,
        "narHash": "sha256-H83yz/do+hjOO0uujHyH8RgtIQP2v7Mw+cLwcZK/xKc=",
        "owner": "NixOS",
        "repo": "nixpkgs",
        "rev": "e7439b6b14ad3cc35d05608ebca9bce01a25f5f8",
        "type": "github"
      },
      "original": {
        "owner": "NixOS",
        "ref": "nixos-unstable",
        "repo": "nixpkgs",
        "type": "github"
      }
    },
    "root": {
      "inputs": {
        "nixant": "nixant",
        "nixant-wp": "nixant-wp",
        "nixpkgs": "nixpkgs"
      }
    }
  },
  "root": "root",
  "version": 7
}
