{
  "nodes": {
    "nixant": {
      "inputs": {
        "nixpkgs": [
          "nixpkgs"
        ]
      },
      "locked": {
        "lastModified": 1791474896,
        "narHash": "sha256-oBnpFLmwq1oF+daX7UtsoQb8KeQg1gva+Fh2gfZZwvs=",
        "owner": "jasalt",
        "repo": "nixant-py",
        "rev": "ea0d934fd0c68a9110ee27138ed0abc5b1670990",
        "type": "github"
      },
      "original": {
        "owner": "jasalt",
        "repo": "nixant-py",
        "type": "github"
      }
    },
    "nixant-wp": {
      "inputs": {
        "nixant": [
          "nixant"
        ],
        "nixpkgs": [
          "nixpkgs"
        ]
      },
      "locked": {
        "lastModified": 1791483481,
        "narHash": "sha256-JPTsWcOXpCJANGFEqhB45HixpIQju8Z39ZiI3cdMIFc=",
        "owner": "jasalt",
        "repo": "nixant-wp",
        "rev": "b12190523e3e35bbef111216a87d9ab30ce54bbc",
        "type": "github"
      },
      "original": {
        "owner": "jasalt",
        "repo": "nixant-wp",
        "type": "github"
      }
    },
    "nixpkgs": {
      "locked": {
        "lastModified": 1791456040,
        "narHash": "sha256-H83yz/do+hjOO0uujHyH8RgtIQP2v7Mw+cLwcZK/xKc=",
        "owner": "NixOS",
        "repo": "nixpkgs",
        "rev": "e7439b6b14ad3cc35d05608ebca9bce01a25f5f8",
        "type": "github"
      },
      "original": {
        "owner": "NixOS",
        "ref": "nixos-unstable",
        "repo": "nixpkgs",
        "type": "github"
      }
    },
    "root": {
      "inputs": {
        "nixant": "nixant",
        "nixant-wp": "nixant-wp",
        "nixpkgs": "nixpkgs"
      }
    }
  },
  "root": "root",
  "version": 7
}
